// !$*UTF8*$!
{
	archiveVersion = 1;
	classes = {
	};
	objectVersion = 50;
	objects = {

/* Begin PBXBuildFile section */
		FF27CC842724301600872B25 /* WatchAnimations WatchKit App.app in Embed Watch Content */ = {isa = PBXBuildFile; fileRef = FF27CC832724301600872B25 /* WatchAnimations WatchKit App.app */; settings = {ATTRIBUTES = (RemoveHeadersOnCopy, ); }; };
		FF27CC892724301900872B25 /* Assets.xcassets in Resources */ = {isa = PBXBuildFile; fileRef = FF27CC882724301900872B25 /* Assets.xcassets */; };
		FF27CC902724301900872B25 /* WatchAnimations WatchKit Extension.appex in Embed App Extensions */ = {isa = PBXBuildFile; fileRef = FF27CC8F2724301900872B25 /* WatchAnimations WatchKit Extension.appex */; settings = {ATTRIBUTES = (RemoveHeadersOnCopy, ); }; };
		FF27CC952724301900872B25 /* WatchAnimationsApp.swift in Sources */ = {isa = PBXBuildFile; fileRef = FF27CC942724301900872B25 /* WatchAnimationsApp.swift */; };
		FF27CC972724301900872B25 /* ContentView.swift in Sources */ = {isa = PBXBuildFile; fileRef = FF27CC962724301900872B25 /* ContentView.swift */; };
		FF27CC992724301900872B25 /* NotificationController.swift in Sources */ = {isa = PBXBuildFile; fileRef = FF27CC982724301900872B25 /* NotificationController.swift */; };
		FF27CC9B2724301900872B25 /* NotificationView.swift in Sources */ = {isa = PBXBuildFile; fileRef = FF27CC9A2724301900872B25 /* NotificationView.swift */; };
		FF27CC9D2724301900872B25 /* ComplicationController.swift in Sources */ = {isa = PBXBuildFile; fileRef = FF27CC9C2724301900872B25 /* ComplicationController.swift */; };
		FF27CC9F2724301A00872B25 /* Assets.xcassets in Resources */ = {isa = PBXBuildFile; fileRef = FF27CC9E2724301A00872B25 /* Assets.xcassets */; };
		FF27CCA22724301A00872B25 /* Preview Assets.xcassets in Resources */ = {isa = PBXBuildFile; fileRef = FF27CCA12724301A00872B25 /* Preview Assets.xcassets */; };
/* End PBXBuildFile section */

/* Begin PBXContainerItemProxy section */
		FF27CC852724301600872B25 /* PBXContainerItemProxy */ = {
			isa = PBXContainerItemProxy;
			containerPortal = FF27CC792724301500872B25 /* Project object */;
			proxyType = 1;
			remoteGlobalIDString = FF27CC822724301600872B25;
			remoteInfo = "WatchAnimations WatchKit App";
		};
		FF27CC912724301900872B25 /* PBXContainerItemProxy */ = {
			isa = PBXContainerItemProxy;
			containerPortal = FF27CC792724301500872B25 /* Project object */;
			proxyType = 1;
			remoteGlobalIDString = FF27CC8E2724301900872B25;
			remoteInfo = "WatchAnimations WatchKit Extension";
		};
/* End PBXContainerItemProxy section */

/* Begin PBXCopyFilesBuildPhase section */
		FF27CCAA2724301A00872B25 /* Embed App Extensions */ = {
			isa = PBXCopyFilesBuildPhase;
			buildActionMask = 2147483647;
			dstPath = "";
			dstSubfolderSpec = 13;
			files = (
				FF27CC902724301900872B25 /* WatchAnimations WatchKit Extension.appex in Embed App Extensions */,
			);
			name = "Embed App Extensions";
			runOnlyForDeploymentPostprocessing = 0;
		};
		FF27CCAE2724301A00872B25 /* Embed Watch Content */ = {
			isa = PBXCopyFilesBuildPhase;
			buildActionMask = 2147483647;
			dstPath = "$(CONTENTS_FOLDER_PATH)/Watch";
			dstSubfolderSpec = 16;
			files = (
				FF27CC842724301600872B25 /* WatchAnimations WatchKit App.app in Embed Watch Content */,
			);
			name = "Embed Watch Content";
			runOnlyForDeploymentPostprocessing = 0;
		};
/* End PBXCopyFilesBuildPhase section */

/* Begin PBXFileReference section */
		FF27CC7F2724301500872B25 /* WatchAnimations.app */ = {isa = PBXFileReference; explicitFileType = wrapper.application; includeInIndex = 0; path = WatchAnimations.app; sourceTree = BUILT_PRODUCTS_DIR; };
		FF27CC832724301600872B25 /* WatchAnimations WatchKit App.app */ = {isa = PBXFileReference; explicitFileType = wrapper.application; includeInIndex = 0; path = "WatchAnimations WatchKit App.app"; sourceTree = BUILT_PRODUCTS_DIR; };
		FF27CC882724301900872B25 /* Assets.xcassets */ = {isa = PBXFileReference; lastKnownFileType = folder.assetcatalog; path = Assets.xcassets; sourceTree = "<group>"; };
		FF27CC8A2724301900872B25 /* Info.plist */ = {isa = PBXFileReference; lastKnownFileType = text.plist.xml; path = Info.plist; sourceTree = "<group>"; };
		FF27CC8F2724301900872B25 /* WatchAnimations WatchKit Extension.appex */ = {isa = PBXFileReference; explicitFileType = "wrapper.app-extension"; includeInIndex = 0; path = "WatchAnimations WatchKit Extension.appex"; sourceTree = BUILT_PRODUCTS_DIR; };
		FF27CC942724301900872B25 /* WatchAnimationsApp.swift */ = {isa = PBXFileReference; lastKnownFileType = sourcecode.swift; path = WatchAnimationsApp.swift; sourceTree = "<group>"; };
		FF27CC962724301900872B25 /* ContentView.swift */ = {isa = PBXFileReference; lastKnownFileType = sourcecode.swift; path = ContentView.swift; sourceTree = "<group>"; };
		FF27CC982724301900872B25 /* NotificationController.swift */ = {isa = PBXFileReference; lastKnownFileType = sourcecode.swift; path = NotificationController.swift; sourceTree = "<group>"; };
		FF27CC9A2724301900872B25 /* NotificationView.swift */ = {isa = PBXFileReference; lastKnownFileType = sourcecode.swift; path = NotificationView.swift; sourceTree = "<group>"; };
		FF27CC9C2724301900872B25 /* ComplicationController.swift */ = {isa = PBXFileReference; lastKnownFileType = sourcecode.swift; path = ComplicationController.swift; sourceTree = "<group>"; };
		FF27CC9E2724301A00872B25 /* Assets.xcassets */ = {isa = PBXFileReference; lastKnownFileType = folder.assetcatalog; path = Assets.xcassets; sourceTree = "<group>"; };
		FF27CCA12724301A00872B25 /* Preview Assets.xcassets */ = {isa = PBXFileReference; lastKnownFileType = folder.assetcatalog; path = "Preview Assets.xcassets"; sourceTree = "<group>"; };
		FF27CCA32724301A00872B25 /* Info.plist */ = {isa = PBXFileReference; lastKnownFileType = text.plist.xml; path = Info.plist; sourceTree = "<group>"; };
		FF27CCA42724301A00872B25 /* PushNotificationPayload.apns */ = {isa = PBXFileReference; lastKnownFileType = text; path = PushNotificationPayload.apns; sourceTree = "<group>"; };
/* End PBXFileReference section */

/* Begin PBXFrameworksBuildPhase section */
		FF27CC8C2724301900872B25 /* Frameworks */ = {
			isa = PBXFrameworksBuildPhase;
			buildActionMask = 2147483647;
			files = (
			);
			runOnlyForDeploymentPostprocessing = 0;
		};
/* End PBXFrameworksBuildPhase section */

/* Begin PBXGroup section */
		FF27CC782724301500872B25 = {
			isa = PBXGroup;
			children = (
				FF27CC872724301600872B25 /* WatchAnimations WatchKit App */,
				FF27CC932724301900872B25 /* WatchAnimations WatchKit Extension */,
				FF27CC802724301500872B25 /* Products */,
			);
			sourceTree = "<group>";
		};
		FF27CC802724301500872B25 /* Products */ = {
			isa = PBXGroup;
			children = (
				FF27CC7F2724301500872B25 /* WatchAnimations.app */,
				FF27CC832724301600872B25 /* WatchAnimations WatchKit App.app */,
				FF27CC8F2724301900872B25 /* WatchAnimations WatchKit Extension.appex */,
			);
			name = Products;
			sourceTree = "<group>";
		};
		FF27CC872724301600872B25 /* WatchAnimations WatchKit App */ = {
			isa = PBXGroup;
			children = (
				FF27CC882724301900872B25 /* Assets.xcassets */,
				FF27CC8A2724301900872B25 /* Info.plist */,
			);
			path = "WatchAnimations WatchKit App";
			sourceTree = "<group>";
		};
		FF27CC932724301900872B25 /* WatchAnimations WatchKit Extension */ = {
			isa = PBXGroup;
			children = (
				FF27CC942724301900872B25 /* WatchAnimationsApp.swift */,
				FF27CC962724301900872B25 /* ContentView.swift */,
				FF27CC982724301900872B25 /* NotificationController.swift */,
				FF27CC9A2724301900872B25 /* NotificationView.swift */,
				FF27CC9C2724301900872B25 /* ComplicationController.swift */,
				FF27CC9E2724301A00872B25 /* Assets.xcassets */,
				FF27CCA32724301A00872B25 /* Info.plist */,
				FF27CCA42724301A00872B25 /* PushNotificationPayload.apns */,
				FF27CCA02724301A00872B25 /* Preview Content */,
			);
			path = "WatchAnimations WatchKit Extension";
			sourceTree = "<group>";
		};
		FF27CCA02724301A00872B25 /* Preview Content */ = {
			isa = PBXGroup;
			children = (
				FF27CCA12724301A00872B25 /* Preview Assets.xcassets */,
			);
			path = "Preview Content";
			sourceTree = "<group>";
		};
/* End PBXGroup section */

/* Begin PBXNativeTarget section */
		FF27CC7E2724301500872B25 /* WatchAnimations */ = {
			isa = PBXNativeTarget;
			buildConfigurationList = FF27CCAF2724301A00872B25 /* Build configuration list for PBXNativeTarget "WatchAnimations" */;
			buildPhases = (
				FF27CC7D2724301500872B25 /* Resources */,
				FF27CCAE2724301A00872B25 /* Embed Watch Content */,
			);
			buildRules = (
			);
			dependencies = (
				FF27CC862724301600872B25 /* PBXTargetDependency */,
			);
			name = WatchAnimations;
			productName = WatchAnimations;
			productReference = FF27CC7F2724301500872B25 /* WatchAnimations.app */;
			productType = "com.apple.product-type.application.watchapp2-container";
		};
		FF27CC822724301600872B25 /* WatchAnimations WatchKit App */ = {
			isa = PBXNativeTarget;
			buildConfigurationList = FF27CCAB2724301A00872B25 /* Build configuration list for PBXNativeTarget "WatchAnimations WatchKit App" */;
			buildPhases = (
				FF27CC812724301600872B25 /* Resources */,
				FF27CCAA2724301A00872B25 /* Embed App Extensions */,
			);
			buildRules = (
			);
			dependencies = (
				FF27CC922724301900872B25 /* PBXTargetDependency */,
			);
			name = "WatchAnimations WatchKit App";
			productName = "WatchAnimations WatchKit App";
			productReference = FF27CC832724301600872B25 /* WatchAnimations WatchKit App.app */;
			productType = "com.apple.product-type.application.watchapp2";
		};
		FF27CC8E2724301900872B25 /* WatchAnimations WatchKit Extension */ = {
			isa = PBXNativeTarget;
			buildConfigurationList = FF27CCA72724301A00872B25 /* Build configuration list for PBXNativeTarget "WatchAnimations WatchKit Extension" */;
			buildPhases = (
				FF27CC8B2724301900872B25 /* Sources */,
				FF27CC8C2724301900872B25 /* Frameworks */,
				FF27CC8D2724301900872B25 /* Resources */,
			);
			buildRules = (
			);
			dependencies = (
			);
			name = "WatchAnimations WatchKit Extension";
			productName = "WatchAnimations WatchKit Extension";
			productReference = FF27CC8F2724301900872B25 /* WatchAnimations WatchKit Extension.appex */;
			productType = "com.apple.product-type.watchkit2-extension";
		};
/* End PBXNativeTarget section */

/* Begin PBXProject section */
		FF27CC792724301500872B25 /* Project object */ = {
			isa = PBXProject;
			attributes = {
				LastSwiftUpdateCheck = 1250;
				LastUpgradeCheck = 1250;
				TargetAttributes = {
					FF27CC7E2724301500872B25 = {
						CreatedOnToolsVersion = 12.5;
					};
					FF27CC822724301600872B25 = {
						CreatedOnToolsVersion = 12.5;
					};
					FF27CC8E2724301900872B25 = {
						CreatedOnToolsVersion = 12.5;
					};
				};
			};
			buildConfigurationList = FF27CC7C2724301500872B25 /* Build configuration list for PBXProject "WatchAnimations" */;
			compatibilityVersion = "Xcode 9.3";
			developmentRegion = en;
			hasScannedForEncodings = 0;
			knownRegions = (
				en,
				Base,
			);
			mainGroup = FF27CC782724301500872B25;
			productRefGroup = FF27CC802724301500872B25 /* Products */;
			projectDirPath = "";
			projectRoot = "";
			targets = (
				FF27CC7E2724301500872B25 /* WatchAnimations */,
				FF27CC822724301600872B25 /* WatchAnimations WatchKit App */,
				FF27CC8E2724301900872B25 /* WatchAnimations WatchKit Extension */,
			);
		};
/* End PBXProject section */

/* Begin PBXResourcesBuildPhase section */
		FF27CC7D2724301500872B25 /* Resources */ = {
			isa = PBXResourcesBuildPhase;
			buildActionMask = 2147483647;
			files = (
			);
			runOnlyForDeploymentPostprocessing = 0;
		};
		FF27CC812724301600872B25 /* Resources */ = {
			isa = PBXResourcesBuildPhase;
			buildActionMask = 2147483647;
			files = (
				FF27CC892724301900872B25 /* Assets.xcassets in Resources */,
			);
			runOnlyForDeploymentPostprocessing = 0;
		};
		FF27CC8D2724301900872B25 /* Resources */ = {
			isa = PBXResourcesBuildPhase;
			buildActionMask = 2147483647;
			files = (
				FF27CCA22724301A00872B25 /* Preview Assets.xcassets in Resources */,
				FF27CC9F2724301A00872B25 /* Assets.xcassets in Resources */,
			);
			runOnlyForDeploymentPostprocessing = 0;
		};
/* End PBXResourcesBuildPhase section */

/* Begin PBXSourcesBuildPhase section */
		FF27CC8B2724301900872B25 /* Sources */ = {
			isa = PBXSourcesBuildPhase;
			buildActionMask = 2147483647;
			files = (
				FF27CC992724301900872B25 /* NotificationController.swift in Sources */,
				FF27CC972724301900872B25 /* ContentView.swift in Sources */,
				FF27CC9D2724301900872B25 /* ComplicationController.swift in Sources */,
				FF27CC952724301900872B25 /* WatchAnimationsApp.swift in Sources */,
				FF27CC9B2724301900872B25 /* NotificationView.swift in Sources */,
			);
			runOnlyForDeploymentPostprocessing = 0;
		};
/* End PBXSourcesBuildPhase section */

/* Begin PBXTargetDependency section */
		FF27CC862724301600872B25 /* PBXTargetDependency */ = {
			isa = PBXTargetDependency;
			target = FF27CC822724301600872B25 /* WatchAnimations WatchKit App */;
			targetProxy = FF27CC852724301600872B25 /* PBXContainerItemProxy */;
		};
		FF27CC922724301900872B25 /* PBXTargetDependency */ = {
			isa = PBXTargetDependency;
			target = FF27CC8E2724301900872B25 /* WatchAnimations WatchKit Extension */;
			targetProxy = FF27CC912724301900872B25 /* PBXContainerItemProxy */;
		};
/* End PBXTargetDependency section */

/* Begin XCBuildConfiguration section */
		FF27CCA52724301A00872B25 /* Debug */ = {
			isa = XCBuildConfiguration;
			buildSettings = {
				ALWAYS_SEARCH_USER_PATHS = NO;
				CLANG_ANALYZER_NONNULL = YES;
				CLANG_ANALYZER_NUMBER_OBJECT_CONVERSION = YES_AGGRESSIVE;
				CLANG_CXX_LANGUAGE_STANDARD = "gnu++14";
				CLANG_CXX_LIBRARY = "libc++";
				CLANG_ENABLE_MODULES = YES;
				CLANG_ENABLE_OBJC_ARC = YES;
				CLANG_ENABLE_OBJC_WEAK = YES;
				CLANG_WARN_BLOCK_CAPTURE_AUTORELEASING = YES;
				CLANG_WARN_BOOL_CONVERSION = YES;
				CLANG_WARN_COMMA = YES;
				CLANG_WARN_CONSTANT_CONVERSION = YES;
				CLANG_WARN_DEPRECATED_OBJC_IMPLEMENTATIONS = YES;
				CLANG_WARN_DIRECT_OBJC_ISA_USAGE = YES_ERROR;
				CLANG_WARN_DOCUMENTATION_COMMENTS = YES;
				CLANG_WARN_EMPTY_BODY = YES;
				CLANG_WARN_ENUM_CONVERSION = YES;
				CLANG_WARN_INFINITE_RECURSION = YES;
				CLANG_WARN_INT_CONVERSION = YES;
				CLANG_WARN_NON_LITERAL_NULL_CONVERSION = YES;
				CLANG_WARN_OBJC_IMPLICIT_RETAIN_SELF = YES;
				CLANG_WARN_OBJC_LITERAL_CONVERSION = YES;
				CLANG_WARN_OBJC_ROOT_CLASS = YES_ERROR;
				CLANG_WARN_QUOTED_INCLUDE_IN_FRAMEWORK_HEADER = YES;
				CLANG_WARN_RANGE_LOOP_ANALYSIS = YES;
				CLANG_WARN_STRICT_PROTOTYPES = YES;
				CLANG_WARN_SUSPICIOUS_MOVE = YES;
				CLANG_WARN_UNGUARDED_AVAILABILITY = YES_AGGRESSIVE;
				CLANG_WARN_UNREACHABLE_CODE = YES;
				CLANG_WARN__DUPLICATE_METHOD_MATCH = YES;
				COPY_PHASE_STRIP = NO;
				DEBUG_INFORMATION_FORMAT = dwarf;
				ENABLE_STRICT_OBJC_MSGSEND = YES;
				ENABLE_TESTABILITY = YES;
				GCC_C_LANGUAGE_STANDARD = gnu11;
				GCC_DYNAMIC_NO_PIC = NO;
				GCC_NO_COMMON_BLOCKS = YES;
				GCC_OPTIMIZATION_LEVEL = 0;
				GCC_PREPROCESSOR_DEFINITIONS = (
					"DEBUG=1",
					"$(inherited)",
				);
				GCC_WARN_64_TO_32_BIT_CONVERSION = YES;
				GCC_WARN_ABOUT_RETURN_TYPE = YES_ERROR;
				GCC_WARN_UNDECLARED_SELECTOR = YES;
				GCC_WARN_UNINITIALIZED_AUTOS = YES_AGGRESSIVE;
				GCC_WARN_UNUSED_FUNCTION = YES;
				GCC_WARN_UNUSED_VARIABLE = YES;
				MTL_ENABLE_DEBUG_INFO = INCLUDE_SOURCE;
				MTL_FAST_MATH = YES;
				ONLY_ACTIVE_ARCH = YES;
				SDKROOT = iphoneos;
				SWIFT_ACTIVE_COMPILATION_CONDITIONS = DEBUG;
				SWIFT_OPTIMIZATION_LEVEL = "-Onone";
			};
			name = Debug;
		};
		FF27CCA62724301A00872B25 /* Release */ = {
			isa = XCBuildConfiguration;
			buildSettings = {
				ALWAYS_SEARCH_USER_PATHS = NO;
				CLANG_ANALYZER_NONNULL = YES;
				CLANG_ANALYZER_NUMBER_OBJECT_CONVERSION = YES_AGGRESSIVE;
				CLANG_CXX_LANGUAGE_STANDARD = "gnu++14";
				CLANG_CXX_LIBRARY = "libc++";
				CLANG_ENABLE_MODULES = YES;
				CLANG_ENABLE_OBJC_ARC = YES;
				CLANG_ENABLE_OBJC_WEAK = YES;
				CLANG_WARN_BLOCK_CAPTURE_AUTORELEASING = YES;
				CLANG_WARN_BOOL_CONVERSION = YES;
				CLANG_WARN_COMMA = YES;
				CLANG_WARN_CONSTANT_CONVERSION = YES;
				CLANG_WARN_DEPRECATED_OBJC_IMPLEMENTATIONS = YES;
				CLANG_WARN_DIRECT_OBJC_ISA_USAGE = YES_ERROR;
				CLANG_WARN_DOCUMENTATION_COMMENTS = YES;
				CLANG_WARN_EMPTY_BODY = YES;
				CLANG_WARN_ENUM_CONVERSION = YES;
				CLANG_WARN_INFINITE_RECURSION = YES;
				CLANG_WARN_INT_CONVERSION = YES;
				CLANG_WARN_NON_LITERAL_NULL_CONVERSION = YES;
				CLANG_WARN_OBJC_IMPLICIT_RETAIN_SELF = YES;
				CLANG_WARN_OBJC_LITERAL_CONVERSION = YES;
				CLANG_WARN_OBJC_ROOT_CLASS = YES_ERROR;
				CLANG_WARN_QUOTED_INCLUDE_IN_FRAMEWORK_HEADER = YES;
				CLANG_WARN_RANGE_LOOP_ANALYSIS = YES;
				CLANG_WARN_STRICT_PROTOTYPES = YES;
				CLANG_WARN_SUSPICIOUS_MOVE = YES;
				CLANG_WARN_UNGUARDED_AVAILABILITY = YES_AGGRESSIVE;
				CLANG_WARN_UNREACHABLE_CODE = YES;
				CLANG_WARN__DUPLICATE_METHOD_MATCH = YES;
				COPY_PHASE_STRIP = NO;
				DEBUG_INFORMATION_FORMAT = "dwarf-with-dsym";
				ENABLE_NS_ASSERTIONS = NO;
				ENABLE_STRICT_OBJC_MSGSEND = YES;
				GCC_C_LANGUAGE_STANDARD = gnu11;
				GCC_NO_COMMON_BLOCKS = YES;
				GCC_WARN_64_TO_32_BIT_CONVERSION = YES;
				GCC_WARN_ABOUT_RETURN_TYPE = YES_ERROR;
				GCC_WARN_UNDECLARED_SELECTOR = YES;
				GCC_WARN_UNINITIALIZED_AUTOS = YES_AGGRESSIVE;
				GCC_WARN_UNUSED_FUNCTION = YES;
				GCC_WARN_UNUSED_VARIABLE = YES;
				MTL_ENABLE_DEBUG_INFO = NO;
				MTL_FAST_MATH = YES;
				SDKROOT = iphoneos;
				SWIFT_COMPILATION_MODE = wholemodule;
				SWIFT_OPTIMIZATION_LEVEL = "-O";
				VALIDATE_PRODUCT = YES;
			};
			name = Release;
		};
		FF27CCA82724301A00872B25 /* Debug */ = {
			isa = XCBuildConfiguration;
			buildSettings = {
				ASSETCATALOG_COMPILER_COMPLICATION_NAME = Complication;
				CODE_SIGN_STYLE = Automatic;
				DEVELOPMENT_ASSET_PATHS = "\"WatchAnimations WatchKit Extension/Preview Content\"";
				ENABLE_PREVIEWS = YES;
				INFOPLIST_FILE = "WatchAnimations WatchKit Extension/Info.plist";
				LD_RUNPATH_SEARCH_PATHS = (
					"$(inherited)",
					"@executable_path/Frameworks",
					"@executable_path/../../Frameworks",
				);
				PRODUCT_BUNDLE_IDENTIFIER = com.OlwaStd.WatchAnimations.watchkitapp.watchkitextension;
				PRODUCT_NAME = "${TARGET_NAME}";
				SDKROOT = watchos;
				SKIP_INSTALL = YES;
				SWIFT_VERSION = 5.0;
				TARGETED_DEVICE_FAMILY = 4;
				WATCHOS_DEPLOYMENT_TARGET = 7.4;
			};
			name = Debug;
		};
		FF27CCA92724301A00872B25 /* Release */ = {
			isa = XCBuildConfiguration;
			buildSettings = {
				ASSETCATALOG_COMPILER_COMPLICATION_NAME = Complication;
				CODE_SIGN_STYLE = Automatic;
				DEVELOPMENT_ASSET_PATHS = "\"WatchAnimations WatchKit Extension/Preview Content\"";
				ENABLE_PREVIEWS = YES;
				INFOPLIST_FILE = "WatchAnimations WatchKit Extension/Info.plist";
				LD_RUNPATH_SEARCH_PATHS = (
					"$(inherited)",
					"@executable_path/Frameworks",
					"@executable_path/../../Frameworks",
				);
				PRODUCT_BUNDLE_IDENTIFIER = com.OlwaStd.WatchAnimations.watchkitapp.watchkitextension;
				PRODUCT_NAME = "${TARGET_NAME}";
				SDKROOT = watchos;
				SKIP_INSTALL = YES;
				SWIFT_VERSION = 5.0;
				TARGETED_DEVICE_FAMILY = 4;
				WATCHOS_DEPLOYMENT_TARGET = 7.4;
			};
			name = Release;
		};
		FF27CCAC2724301A00872B25 /* Debug */ = {
			isa = XCBuildConfiguration;
			buildSettings = {
				ALWAYS_EMBED_SWIFT_STANDARD_LIBRARIES = YES;
				ASSETCATALOG_COMPILER_APPICON_NAME = AppIcon;
				ASSETCATALOG_COMPILER_GLOBAL_ACCENT_COLOR_NAME = AccentColor;
				CODE_SIGN_STYLE = Automatic;
				IBSC_MODULE = WatchAnimations_WatchKit_Extension;
				INFOPLIST_FILE = "WatchAnimations WatchKit App/Info.plist";
				PRODUCT_BUNDLE_IDENTIFIER = com.OlwaStd.WatchAnimations.watchkitapp;
				PRODUCT_NAME = "$(TARGET_NAME)";
				SDKROOT = watchos;
				SKIP_INSTALL = YES;
				SWIFT_VERSION = 5.0;
				TARGETED_DEVICE_FAMILY = 4;
				WATCHOS_DEPLOYMENT_TARGET = 7.4;
			};
			name = Debug;
		};
		FF27CCAD2724301A00872B25 /* Release */ = {
			isa = XCBuildConfiguration;
			buildSettings = {
				ALWAYS_EMBED_SWIFT_STANDARD_LIBRARIES = YES;
				ASSETCATALOG_COMPILER_APPICON_NAME = AppIcon;
				ASSETCATALOG_COMPILER_GLOBAL_ACCENT_COLOR_NAME = AccentColor;
				CODE_SIGN_STYLE = Automatic;
				IBSC_MODULE = WatchAnimations_WatchKit_Extension;
				INFOPLIST_FILE = "WatchAnimations WatchKit App/Info.plist";
				PRODUCT_BUNDLE_IDENTIFIER = com.OlwaStd.WatchAnimations.watchkitapp;
				PRODUCT_NAME = "$(TARGET_NAME)";
				SDKROOT = watchos;
				SKIP_INSTALL = YES;
				SWIFT_VERSION = 5.0;
				TARGETED_DEVICE_FAMILY = 4;
				WATCHOS_DEPLOYMENT_TARGET = 7.4;
			};
			name = Release;
		};
		FF27CCB02724301A00872B25 /* Debug */ = {
			isa = XCBuildConfiguration;
			buildSettings = {
				CODE_SIGN_STYLE = Automatic;
				CURRENT_PROJECT_VERSION = 1;
				MARKETING_VERSION = 1.0;
				PRODUCT_BUNDLE_IDENTIFIER = com.OlwaStd.WatchAnimations;
				PRODUCT_NAME = "$(TARGET_NAME)";
				SWIFT_VERSION = 5.0;
			};
			name = Debug;
		};
		FF27CCB12724301A00872B25 /* Release */ = {
			isa = XCBuildConfiguration;
			buildSettings = {
				CODE_SIGN_STYLE = Automatic;
				CURRENT_PROJECT_VERSION = 1;
				MARKETING_VERSION = 1.0;
				PRODUCT_BUNDLE_IDENTIFIER = com.OlwaStd.WatchAnimations;
				PRODUCT_NAME = "$(TARGET_NAME)";
				SWIFT_VERSION = 5.0;
			};
			name = Release;
		};
/* End XCBuildConfiguration section */

/* Begin XCConfigurationList section */
		FF27CC7C2724301500872B25 /* Build configuration list for PBXProject "WatchAnimations" */ = {
			isa = XCConfigurationList;
			buildConfigurations = (
				FF27CCA52724301A00872B25 /* Debug */,
				FF27CCA62724301A00872B25 /* Release */,
			);
			defaultConfigurationIsVisible = 0;
			defaultConfigurationName = Release;
		};
		FF27CCA72724301A00872B25 /* Build configuration list for PBXNativeTarget "WatchAnimations WatchKit Extension" */ = {
			isa = XCConfigurationList;
			buildConfigurations = (
				FF27CCA82724301A00872B25 /* Debug */,
				FF27CCA92724301A00872B25 /* Release */,
			);
			defaultConfigurationIsVisible = 0;
			defaultConfigurationName = Release;
		};
		FF27CCAB2724301A00872B25 /* Build configuration list for PBXNativeTarget "WatchAnimations WatchKit App" */ = {
			isa = XCConfigurationList;
			buildConfigurations = (
				FF27CCAC2724301A00872B25 /* Debug */,
				FF27CCAD2724301A00872B25 /* Release */,
			);
			defaultConfigurationIsVisible = 0;
			defaultConfigurationName = Release;
		};
		FF27CCAF2724301A00872B25 /* Build configuration list for PBXNativeTarget "WatchAnimations" */ = {
			isa = XCConfigurationList;
			buildConfigurations = (
				FF27CCB02724301A00872B25 /* Debug */,
				FF27CCB12724301A00872B25 /* Release */,
			);
			defaultConfigurationIsVisible = 0;
			defaultConfigurationName = Release;
		};
/* End XCConfigurationList section */
	};
	rootObject = FF27CC792724301500872B25 /* Project object */;
}
